
Microsoft Visual Studio Solution File, Format Version 12.00
# Visual Studio 2012
Project("{FAE04EC0-301F-11D3-BF4B-00C04F79EFBC}") = "chatSample", "chatSample\chatSample.csproj", "{B10AB631-929C-4974-891E-28032B833D66}"
EndProject
Global
	GlobalSection(SolutionConfigurationPlatforms) = preSolution
		Debug|Any CPU = Debug|Any CPU
		Release|Any CPU = Release|Any CPU
	EndGlobalSection
	GlobalSection(ProjectConfigurationPlatforms) = postSolution
		{B10AB631-929C-4974-891E-28032B833D66}.Debug|Any CPU.ActiveCfg = Debug|Any CPU
		{B10AB631-929C-4974-891E-28032B833D66}.Debug|Any CPU.Build.0 = Debug|Any CPU
		{B10AB631-929C-4974-891E-28032B833D66}.Release|Any CPU.ActiveCfg = Release|Any CPU
		{B10AB631-929C-4974-891E-28032B833D66}.Release|Any CPU.Build.0 = Release|Any CPU
	EndGlobalSection
	GlobalSection(SolutionProperties) = preSolution
		HideSolutionNode = FALSE
	EndGlobalSection
EndGlobal
