
Microsoft Visual Studio Solution File, Format Version 12.00
# Visual Studio 2012
Project("{FAE04EC0-301F-11D3-BF4B-00C04F79EFBC}") = "downloadingBar", "downloadingBar\downloadingBar.csproj", "{76794540-E2C7-4629-9972-67207AC6A87C}"
EndProject
Global
	GlobalSection(SolutionConfigurationPlatforms) = preSolution
		Debug|Any CPU = Debug|Any CPU
		Release|Any CPU = Release|Any CPU
	EndGlobalSection
	GlobalSection(ProjectConfigurationPlatforms) = postSolution
		{76794540-E2C7-4629-9972-67207AC6A87C}.Debug|Any CPU.ActiveCfg = Debug|Any CPU
		{76794540-E2C7-4629-9972-67207AC6A87C}.Debug|Any CPU.Build.0 = Debug|Any CPU
		{76794540-E2C7-4629-9972-67207AC6A87C}.Release|Any CPU.ActiveCfg = Release|Any CPU
		{76794540-E2C7-4629-9972-67207AC6A87C}.Release|Any CPU.Build.0 = Release|Any CPU
	EndGlobalSection
	GlobalSection(SolutionProperties) = preSolution
		HideSolutionNode = FALSE
	EndGlobalSection
EndGlobal
